// !$*UTF8*$!
{
	archiveVersion = 1;
	classes = {
	};
	objectVersion = 46;
	objects = {

/* Begin PBXBuildFile section */
		CEA22B0A1A569FAB00225546 /* main.m in Sources */ = {isa = PBXBuildFile; fileRef = CEA22B091A569FAB00225546 /* main.m */; };
		CEA22B0D1A569FAB00225546 /* AppDelegate.m in Sources */ = {isa = PBXBuildFile; fileRef = CEA22B0C1A569FAB00225546 /* AppDelegate.m */; };
		CEA22B101A569FAB00225546 /* ViewController.m in Sources */ = {isa = PBXBuildFile; fileRef = CEA22B0F1A569FAB00225546 /* ViewController.m */; };
		CEA22B131A569FAB00225546 /* Main.storyboard in Resources */ = {isa = PBXBuildFile; fileRef = CEA22B111A569FAB00225546 /* Main.storyboard */; };
		CEA22B151A569FAB00225546 /* Images.xcassets in Resources */ = {isa = PBXBuildFile; fileRef = CEA22B141A569FAB00225546 /* Images.xcassets */; };
		CEA22B181A569FAB00225546 /* LaunchScreen.xib in Resources */ = {isa = PBXBuildFile; fileRef = CEA22B161A569FAB00225546 /* LaunchScreen.xib */; };
		CEA22B241A569FAB00225546 /* MacroPollpTests.m in Sources */ = {isa = PBXBuildFile; fileRef = CEA22B231A569FAB00225546 /* MacroPollpTests.m */; };
		CEA22B2E1A56A7BD00225546 /* Social.framework in Frameworks */ = {isa = PBXBuildFile; fileRef = CEA22B2D1A56A7BD00225546 /* Social.framework */; };
/* End PBXBuildFile section */

/* Begin PBXContainerItemProxy section */
		CEA22B1E1A569FAB00225546 /* PBXContainerItemProxy */ = {
			isa = PBXContainerItemProxy;
			containerPortal = CEA22AFC1A569FAB00225546 /* Project object */;
			proxyType = 1;
			remoteGlobalIDString = CEA22B031A569FAB00225546;
			remoteInfo = MacroPollp;
		};
/* End PBXContainerItemProxy section */

/* Begin PBXFileReference section */
		CEA22B041A569FAB00225546 /* MacroPollp.app */ = {isa = PBXFileReference; explicitFileType = wrapper.application; includeInIndex = 0; path = MacroPollp.app; sourceTree = BUILT_PRODUCTS_DIR; };
		CEA22B081A569FAB00225546 /* Info.plist */ = {isa = PBXFileReference; lastKnownFileType = text.plist.xml; path = Info.plist; sourceTree = "<group>"; };
		CEA22B091A569FAB00225546 /* main.m */ = {isa = PBXFileReference; lastKnownFileType = sourcecode.c.objc; path = main.m; sourceTree = "<group>"; };
		CEA22B0B1A569FAB00225546 /* AppDelegate.h */ = {isa = PBXFileReference; lastKnownFileType = sourcecode.c.h; path = AppDelegate.h; sourceTree = "<group>"; };
		CEA22B0C1A569FAB00225546 /* AppDelegate.m */ = {isa = PBXFileReference; lastKnownFileType = sourcecode.c.objc; path = AppDelegate.m; sourceTree = "<group>"; };
		CEA22B0E1A569FAB00225546 /* ViewController.h */ = {isa = PBXFileReference; lastKnownFileType = sourcecode.c.h; path = ViewController.h; sourceTree = "<group>"; };
		CEA22B0F1A569FAB00225546 /* ViewController.m */ = {isa = PBXFileReference; lastKnownFileType = sourcecode.c.objc; path = ViewController.m; sourceTree = "<group>"; };
		CEA22B121A569FAB00225546 /* Base */ = {isa = PBXFileReference; lastKnownFileType = file.storyboard; name = Base; path = Base.lproj/Main.storyboard; sourceTree = "<group>"; };
		CEA22B141A569FAB00225546 /* Images.xcassets */ = {isa = PBXFileReference; lastKnownFileType = folder.assetcatalog; path = Images.xcassets; sourceTree = "<group>"; };
		CEA22B171A569FAB00225546 /* Base */ = {isa = PBXFileReference; lastKnownFileType = file.xib; name = Base; path = Base.lproj/LaunchScreen.xib; sourceTree = "<group>"; };
		CEA22B1D1A569FAB00225546 /* MacroPollpTests.xctest */ = {isa = PBXFileReference; explicitFileType = wrapper.cfbundle; includeInIndex = 0; path = MacroPollpTests.xctest; sourceTree = BUILT_PRODUCTS_DIR; };
		CEA22B221A569FAB00225546 /* Info.plist */ = {isa = PBXFileReference; lastKnownFileType = text.plist.xml; path = Info.plist; sourceTree = "<group>"; };
		CEA22B231A569FAB00225546 /* MacroPollpTests.m */ = {isa = PBXFileReference; lastKnownFileType = sourcecode.c.objc; path = MacroPollpTests.m; sourceTree = "<group>"; };
		CEA22B2D1A56A7BD00225546 /* Social.framework */ = {isa = PBXFileReference; lastKnownFileType = wrapper.framework; name = Social.framework; path = System/Library/Frameworks/Social.framework; sourceTree = SDKROOT; };
/* End PBXFileReference section */

/* Begin PBXFrameworksBuildPhase section */
		CEA22B011A569FAB00225546 /* Frameworks */ = {
			isa = PBXFrameworksBuildPhase;
			buildActionMask = 2147483647;
			files = (
				CEA22B2E1A56A7BD00225546 /* Social.framework in Frameworks */,
			);
			runOnlyForDeploymentPostprocessing = 0;
		};
		CEA22B1A1A569FAB00225546 /* Frameworks */ = {
			isa = PBXFrameworksBuildPhase;
			buildActionMask = 2147483647;
			files = (
			);
			runOnlyForDeploymentPostprocessing = 0;
		};
/* End PBXFrameworksBuildPhase section */

/* Begin PBXGroup section */
		CEA22AFB1A569FAB00225546 = {
			isa = PBXGroup;
			children = (
				CEA22B2D1A56A7BD00225546 /* Social.framework */,
				CEA22B061A569FAB00225546 /* MacroPollp */,
				CEA22B201A569FAB00225546 /* MacroPollpTests */,
				CEA22B051A569FAB00225546 /* Products */,
			);
			sourceTree = "<group>";
		};
		CEA22B051A569FAB00225546 /* Products */ = {
			isa = PBXGroup;
			children = (
				CEA22B041A569FAB00225546 /* MacroPollp.app */,
				CEA22B1D1A569FAB00225546 /* MacroPollpTests.xctest */,
			);
			name = Products;
			sourceTree = "<group>";
		};
		CEA22B061A569FAB00225546 /* MacroPollp */ = {
			isa = PBXGroup;
			children = (
				CEA22B0B1A569FAB00225546 /* AppDelegate.h */,
				CEA22B0C1A569FAB00225546 /* AppDelegate.m */,
				CEA22B0E1A569FAB00225546 /* ViewController.h */,
				CEA22B0F1A569FAB00225546 /* ViewController.m */,
				CEA22B111A569FAB00225546 /* Main.storyboard */,
				CEA22B141A569FAB00225546 /* Images.xcassets */,
				CEA22B161A569FAB00225546 /* LaunchScreen.xib */,
				CEA22B071A569FAB00225546 /* Supporting Files */,
			);
			path = MacroPollp;
			sourceTree = "<group>";
		};
		CEA22B071A569FAB00225546 /* Supporting Files */ = {
			isa = PBXGroup;
			children = (
				CEA22B081A569FAB00225546 /* Info.plist */,
				CEA22B091A569FAB00225546 /* main.m */,
			);
			name = "Supporting Files";
			sourceTree = "<group>";
		};
		CEA22B201A569FAB00225546 /* MacroPollpTests */ = {
			isa = PBXGroup;
			children = (
				CEA22B231A569FAB00225546 /* MacroPollpTests.m */,
				CEA22B211A569FAB00225546 /* Supporting Files */,
			);
			path = MacroPollpTests;
			sourceTree = "<group>";
		};
		CEA22B211A569FAB00225546 /* Supporting Files */ = {
			isa = PBXGroup;
			children = (
				CEA22B221A569FAB00225546 /* Info.plist */,
			);
			name = "Supporting Files";
			sourceTree = "<group>";
		};
/* End PBXGroup section */

/* Begin PBXNativeTarget section */
		CEA22B031A569FAB00225546 /* MacroPollp */ = {
			isa = PBXNativeTarget;
			buildConfigurationList = CEA22B271A569FAB00225546 /* Build configuration list for PBXNativeTarget "MacroPollp" */;
			buildPhases = (
				CEA22B001A569FAB00225546 /* Sources */,
				CEA22B011A569FAB00225546 /* Frameworks */,
				CEA22B021A569FAB00225546 /* Resources */,
			);
			buildRules = (
			);
			dependencies = (
			);
			name = MacroPollp;
			productName = MacroPollp;
			productReference = CEA22B041A569FAB00225546 /* MacroPollp.app */;
			productType = "com.apple.product-type.application";
		};
		CEA22B1C1A569FAB00225546 /* MacroPollpTests */ = {
			isa = PBXNativeTarget;
			buildConfigurationList = CEA22B2A1A569FAB00225546 /* Build configuration list for PBXNativeTarget "MacroPollpTests" */;
			buildPhases = (
				CEA22B191A569FAB00225546 /* Sources */,
				CEA22B1A1A569FAB00225546 /* Frameworks */,
				CEA22B1B1A569FAB00225546 /* Resources */,
			);
			buildRules = (
			);
			dependencies = (
				CEA22B1F1A569FAB00225546 /* PBXTargetDependency */,
			);
			name = MacroPollpTests;
			productName = MacroPollpTests;
			productReference = CEA22B1D1A569FAB00225546 /* MacroPollpTests.xctest */;
			productType = "com.apple.product-type.bundle.unit-test";
		};
/* End PBXNativeTarget section */

/* Begin PBXProject section */
		CEA22AFC1A569FAB00225546 /* Project object */ = {
			isa = PBXProject;
			attributes = {
				LastUpgradeCheck = 0610;
				ORGANIZATIONNAME = Mushipa;
				TargetAttributes = {
					CEA22B031A569FAB00225546 = {
						CreatedOnToolsVersion = 6.1.1;
					};
					CEA22B1C1A569FAB00225546 = {
						CreatedOnToolsVersion = 6.1.1;
						TestTargetID = CEA22B031A569FAB00225546;
					};
				};
			};
			buildConfigurationList = CEA22AFF1A569FAB00225546 /* Build configuration list for PBXProject "MacroPollp" */;
			compatibilityVersion = "Xcode 3.2";
			developmentRegion = English;
			hasScannedForEncodings = 0;
			knownRegions = (
				en,
				Base,
			);
			mainGroup = CEA22AFB1A569FAB00225546;
			productRefGroup = CEA22B051A569FAB00225546 /* Products */;
			projectDirPath = "";
			projectRoot = "";
			targets = (
				CEA22B031A569FAB00225546 /* MacroPollp */,
				CEA22B1C1A569FAB00225546 /* MacroPollpTests */,
			);
		};
/* End PBXProject section */

/* Begin PBXResourcesBuildPhase section */
		CEA22B021A569FAB00225546 /* Resources */ = {
			isa = PBXResourcesBuildPhase;
			buildActionMask = 2147483647;
			files = (
				CEA22B131A569FAB00225546 /* Main.storyboard in Resources */,
				CEA22B181A569FAB00225546 /* LaunchScreen.xib in Resources */,
				CEA22B151A569FAB00225546 /* Images.xcassets in Resources */,
			);
			runOnlyForDeploymentPostprocessing = 0;
		};
		CEA22B1B1A569FAB00225546 /* Resources */ = {
			isa = PBXResourcesBuildPhase;
			buildActionMask = 2147483647;
			files = (
			);
			runOnlyForDeploymentPostprocessing = 0;
		};
/* End PBXResourcesBuildPhase section */

/* Begin PBXSourcesBuildPhase section */
		CEA22B001A569FAB00225546 /* Sources */ = {
			isa = PBXSourcesBuildPhase;
			buildActionMask = 2147483647;
			files = (
				CEA22B101A569FAB00225546 /* ViewController.m in Sources */,
				CEA22B0D1A569FAB00225546 /* AppDelegate.m in Sources */,
				CEA22B0A1A569FAB00225546 /* main.m in Sources */,
			);
			runOnlyForDeploymentPostprocessing = 0;
		};
		CEA22B191A569FAB00225546 /* Sources */ = {
			isa = PBXSourcesBuildPhase;
			buildActionMask = 2147483647;
			files = (
				CEA22B241A569FAB00225546 /* MacroPollpTests.m in Sources */,
			);
			runOnlyForDeploymentPostprocessing = 0;
		};
/* End PBXSourcesBuildPhase section */

/* Begin PBXTargetDependency section */
		CEA22B1F1A569FAB00225546 /* PBXTargetDependency */ = {
			isa = PBXTargetDependency;
			target = CEA22B031A569FAB00225546 /* MacroPollp */;
			targetProxy = CEA22B1E1A569FAB00225546 /* PBXContainerItemProxy */;
		};
/* End PBXTargetDependency section */

/* Begin PBXVariantGroup section */
		CEA22B111A569FAB00225546 /* Main.storyboard */ = {
			isa = PBXVariantGroup;
			children = (
				CEA22B121A569FAB00225546 /* Base */,
			);
			name = Main.storyboard;
			sourceTree = "<group>";
		};
		CEA22B161A569FAB00225546 /* LaunchScreen.xib */ = {
			isa = PBXVariantGroup;
			children = (
				CEA22B171A569FAB00225546 /* Base */,
			);
			name = LaunchScreen.xib;
			sourceTree = "<group>";
		};
/* End PBXVariantGroup section */

/* Begin XCBuildConfiguration section */
		CEA22B251A569FAB00225546 /* Debug */ = {
			isa = XCBuildConfiguration;
			buildSettings = {
				ALWAYS_SEARCH_USER_PATHS = NO;
				CLANG_CXX_LANGUAGE_STANDARD = "gnu++0x";
				CLANG_CXX_LIBRARY = "libc++";
				CLANG_ENABLE_MODULES = YES;
				CLANG_ENABLE_OBJC_ARC = YES;
				CLANG_WARN_BOOL_CONVERSION = YES;
				CLANG_WARN_CONSTANT_CONVERSION = YES;
				CLANG_WARN_DIRECT_OBJC_ISA_USAGE = YES_ERROR;
				CLANG_WARN_EMPTY_BODY = YES;
				CLANG_WARN_ENUM_CONVERSION = YES;
				CLANG_WARN_INT_CONVERSION = YES;
				CLANG_WARN_OBJC_ROOT_CLASS = YES_ERROR;
				CLANG_WARN_UNREACHABLE_CODE = YES;
				CLANG_WARN__DUPLICATE_METHOD_MATCH = YES;
				"CODE_SIGN_IDENTITY[sdk=iphoneos*]" = "iPhone Developer";
				COPY_PHASE_STRIP = NO;
				ENABLE_STRICT_OBJC_MSGSEND = YES;
				GCC_C_LANGUAGE_STANDARD = gnu99;
				GCC_DYNAMIC_NO_PIC = NO;
				GCC_OPTIMIZATION_LEVEL = 0;
				GCC_PREPROCESSOR_DEFINITIONS = (
					"DEBUG=1",
					"$(inherited)",
				);
				GCC_SYMBOLS_PRIVATE_EXTERN = NO;
				GCC_WARN_64_TO_32_BIT_CONVERSION = YES;
				GCC_WARN_ABOUT_RETURN_TYPE = YES_ERROR;
				GCC_WARN_UNDECLARED_SELECTOR = YES;
				GCC_WARN_UNINITIALIZED_AUTOS = YES_AGGRESSIVE;
				GCC_WARN_UNUSED_FUNCTION = YES;
				GCC_WARN_UNUSED_VARIABLE = YES;
				IPHONEOS_DEPLOYMENT_TARGET = 8.1;
				MTL_ENABLE_DEBUG_INFO = YES;
				ONLY_ACTIVE_ARCH = YES;
				SDKROOT = iphoneos;
			};
			name = Debug;
		};
		CEA22B261A569FAB00225546 /* Release */ = {
			isa = XCBuildConfiguration;
			buildSettings = {
				ALWAYS_SEARCH_USER_PATHS = NO;
				CLANG_CXX_LANGUAGE_STANDARD = "gnu++0x";
				CLANG_CXX_LIBRARY = "libc++";
				CLANG_ENABLE_MODULES = YES;
				CLANG_ENABLE_OBJC_ARC = YES;
				CLANG_WARN_BOOL_CONVERSION = YES;
				CLANG_WARN_CONSTANT_CONVERSION = YES;
				CLANG_WARN_DIRECT_OBJC_ISA_USAGE = YES_ERROR;
				CLANG_WARN_EMPTY_BODY = YES;
				CLANG_WARN_ENUM_CONVERSION = YES;
				CLANG_WARN_INT_CONVERSION = YES;
				CLANG_WARN_OBJC_ROOT_CLASS = YES_ERROR;
				CLANG_WARN_UNREACHABLE_CODE = YES;
				CLANG_WARN__DUPLICATE_METHOD_MATCH = YES;
				"CODE_SIGN_IDENTITY[sdk=iphoneos*]" = "iPhone Developer";
				COPY_PHASE_STRIP = YES;
				ENABLE_NS_ASSERTIONS = NO;
				ENABLE_STRICT_OBJC_MSGSEND = YES;
				GCC_C_LANGUAGE_STANDARD = gnu99;
				GCC_WARN_64_TO_32_BIT_CONVERSION = YES;
				GCC_WARN_ABOUT_RETURN_TYPE = YES_ERROR;
				GCC_WARN_UNDECLARED_SELECTOR = YES;
				GCC_WARN_UNINITIALIZED_AUTOS = YES_AGGRESSIVE;
				GCC_WARN_UNUSED_FUNCTION = YES;
				GCC_WARN_UNUSED_VARIABLE = YES;
				IPHONEOS_DEPLOYMENT_TARGET = 8.1;
				MTL_ENABLE_DEBUG_INFO = NO;
				SDKROOT = iphoneos;
				VALIDATE_PRODUCT = YES;
			};
			name = Release;
		};
		CEA22B281A569FAB00225546 /* Debug */ = {
			isa = XCBuildConfiguration;
			buildSettings = {
				ASSETCATALOG_COMPILER_APPICON_NAME = AppIcon;
				INFOPLIST_FILE = MacroPollp/Info.plist;
				LD_RUNPATH_SEARCH_PATHS = "$(inherited) @executable_path/Frameworks";
				PRODUCT_NAME = "$(TARGET_NAME)";
			};
			name = Debug;
		};
		CEA22B291A569FAB00225546 /* Release */ = {
			isa = XCBuildConfiguration;
			buildSettings = {
				ASSETCATALOG_COMPILER_APPICON_NAME = AppIcon;
				INFOPLIST_FILE = MacroPollp/Info.plist;
				LD_RUNPATH_SEARCH_PATHS = "$(inherited) @executable_path/Frameworks";
				PRODUCT_NAME = "$(TARGET_NAME)";
			};
			name = Release;
		};
		CEA22B2B1A569FAB00225546 /* Debug */ = {
			isa = XCBuildConfiguration;
			buildSettings = {
				BUNDLE_LOADER = "$(TEST_HOST)";
				FRAMEWORK_SEARCH_PATHS = (
					"$(SDKROOT)/Developer/Library/Frameworks",
					"$(inherited)",
				);
				GCC_PREPROCESSOR_DEFINITIONS = (
					"DEBUG=1",
					"$(inherited)",
				);
				INFOPLIST_FILE = MacroPollpTests/Info.plist;
				LD_RUNPATH_SEARCH_PATHS = "$(inherited) @executable_path/Frameworks @loader_path/Frameworks";
				PRODUCT_NAME = "$(TARGET_NAME)";
				TEST_HOST = "$(BUILT_PRODUCTS_DIR)/MacroPollp.app/MacroPollp";
			};
			name = Debug;
		};
		CEA22B2C1A569FAB00225546 /* Release */ = {
			isa = XCBuildConfiguration;
			buildSettings = {
				BUNDLE_LOADER = "$(TEST_HOST)";
				FRAMEWORK_SEARCH_PATHS = (
					"$(SDKROOT)/Developer/Library/Frameworks",
					"$(inherited)",
				);
				INFOPLIST_FILE = MacroPollpTests/Info.plist;
				LD_RUNPATH_SEARCH_PATHS = "$(inherited) @executable_path/Frameworks @loader_path/Frameworks";
				PRODUCT_NAME = "$(TARGET_NAME)";
				TEST_HOST = "$(BUILT_PRODUCTS_DIR)/MacroPollp.app/MacroPollp";
			};
			name = Release;
		};
/* End XCBuildConfiguration section */

/* Begin XCConfigurationList section */
		CEA22AFF1A569FAB00225546 /* Build configuration list for PBXProject "MacroPollp" */ = {
			isa = XCConfigurationList;
			buildConfigurations = (
				CEA22B251A569FAB00225546 /* Debug */,
				CEA22B261A569FAB00225546 /* Release */,
			);
			defaultConfigurationIsVisible = 0;
			defaultConfigurationName = Release;
		};
		CEA22B271A569FAB00225546 /* Build configuration list for PBXNativeTarget "MacroPollp" */ = {
			isa = XCConfigurationList;
			buildConfigurations = (
				CEA22B281A569FAB00225546 /* Debug */,
				CEA22B291A569FAB00225546 /* Release */,
			);
			defaultConfigurationIsVisible = 0;
		};
		CEA22B2A1A569FAB00225546 /* Build configuration list for PBXNativeTarget "MacroPollpTests" */ = {
			isa = XCConfigurationList;
			buildConfigurations = (
				CEA22B2B1A569FAB00225546 /* Debug */,
				CEA22B2C1A569FAB00225546 /* Release */,
			);
			defaultConfigurationIsVisible = 0;
		};
/* End XCConfigurationList section */
	};
	rootObject = CEA22AFC1A569FAB00225546 /* Project object */;
}
